
Microsoft Visual Studio Solution File, Format Version 12.00
# Visual Studio Express 2013 for Windows Desktop
VisualStudioVersion = 12.0.31101.0
MinimumVisualStudioVersion = 10.0.40219.1
Project("{00D1A9C2-B5F0-4AF3-8072-F6C62B433612}") = "Health", "Exercise\Health.sqlproj", "{86A49CD5-45F9-45FD-8FEE-7D15B9D7B6FA}"
EndProject
Project("{2150E333-8FDC-42A3-9474-1A3956D46DE8}") = "Solution Items", "Solution Items", "{25A26DF1-B73F-44EC-9D4A-FAF153AA922D}"
	ProjectSection(SolutionItems) = preProject
		Exercise\sql\Health.sql = Exercise\sql\Health.sql
	EndProjectSection
EndProject
Project("{2150E333-8FDC-42A3-9474-1A3956D46DE8}") = "sql", "sql", "{1B51B30F-9BAC-489A-83E6-1903A1551FFB}"
EndProject
Project("{2150E333-8FDC-42A3-9474-1A3956D46DE8}") = "health", "health", "{37D66E41-375C-4068-9EF9-870679B4943B}"
	ProjectSection(SolutionItems) = preProject
		Exercise\sql\Health\CreateDatabaseWithTables.sql = Exercise\sql\Health\CreateDatabaseWithTables.sql
		Exercise\sql\health\PopulateHealthData.sql = Exercise\sql\health\PopulateHealthData.sql
	EndProjectSection
EndProject
Project("{2150E333-8FDC-42A3-9474-1A3956D46DE8}") = "query", "query", "{33D37CCF-CA3C-42C4-9760-5B47DC307077}"
EndProject
Project("{2150E333-8FDC-42A3-9474-1A3956D46DE8}") = "Create", "Create", "{DD426CCE-A3DA-4451-B8D0-0DAA26CB9BF3}"
	ProjectSection(SolutionItems) = preProject
		Exercise\sql\query\Create\CreateCommentTable.sql = Exercise\sql\query\Create\CreateCommentTable.sql
		Exercise\sql\query\Create\CreateDatabaseWithNeededParameters.sql = Exercise\sql\query\Create\CreateDatabaseWithNeededParameters.sql
		Exercise\sql\query\Create\CreateDRISTable.sql = Exercise\sql\query\Create\CreateDRISTable.sql
		Exercise\sql\query\Create\CreateFoodDescsTable.sql = Exercise\sql\query\Create\CreateFoodDescsTable.sql
		Exercise\sql\query\Create\CreateLstFoodCatsTable.sql = Exercise\sql\query\Create\CreateLstFoodCatsTable.sql
	EndProjectSection
EndProject
Project("{2150E333-8FDC-42A3-9474-1A3956D46DE8}") = "Insert", "Insert", "{A8D9A15C-5A9C-48BE-835A-12E7E80BF6A6}"
	ProjectSection(SolutionItems) = preProject
		Exercise\sql\query\Insert\InsertIntoDRIS.sql = Exercise\sql\query\Insert\InsertIntoDRIS.sql
		Exercise\sql\query\Insert\InsertIntoFoodDescs.sql = Exercise\sql\query\Insert\InsertIntoFoodDescs.sql
		Exercise\sql\query\Insert\InsertIntoLstFoodCats.sql = Exercise\sql\query\Insert\InsertIntoLstFoodCats.sql
	EndProjectSection
EndProject
Project("{2150E333-8FDC-42A3-9474-1A3956D46DE8}") = "Delete", "Delete", "{4D8C3598-AA91-40AC-B7E7-83B4FBBE1E96}"
EndProject
Project("{2150E333-8FDC-42A3-9474-1A3956D46DE8}") = "Update", "Update", "{A7BDABA9-56C8-4B83-A2C6-67E130216B4D}"
EndProject
Global
	GlobalSection(SolutionConfigurationPlatforms) = preSolution
		Debug|Any CPU = Debug|Any CPU
		Release|Any CPU = Release|Any CPU
	EndGlobalSection
	GlobalSection(ProjectConfigurationPlatforms) = postSolution
		{86A49CD5-45F9-45FD-8FEE-7D15B9D7B6FA}.Debug|Any CPU.ActiveCfg = Debug|Any CPU
		{86A49CD5-45F9-45FD-8FEE-7D15B9D7B6FA}.Debug|Any CPU.Build.0 = Debug|Any CPU
		{86A49CD5-45F9-45FD-8FEE-7D15B9D7B6FA}.Debug|Any CPU.Deploy.0 = Debug|Any CPU
		{86A49CD5-45F9-45FD-8FEE-7D15B9D7B6FA}.Release|Any CPU.ActiveCfg = Release|Any CPU
		{86A49CD5-45F9-45FD-8FEE-7D15B9D7B6FA}.Release|Any CPU.Build.0 = Release|Any CPU
		{86A49CD5-45F9-45FD-8FEE-7D15B9D7B6FA}.Release|Any CPU.Deploy.0 = Release|Any CPU
	EndGlobalSection
	GlobalSection(SolutionProperties) = preSolution
		HideSolutionNode = FALSE
	EndGlobalSection
	GlobalSection(NestedProjects) = preSolution
		{1B51B30F-9BAC-489A-83E6-1903A1551FFB} = {25A26DF1-B73F-44EC-9D4A-FAF153AA922D}
		{37D66E41-375C-4068-9EF9-870679B4943B} = {1B51B30F-9BAC-489A-83E6-1903A1551FFB}
		{33D37CCF-CA3C-42C4-9760-5B47DC307077} = {1B51B30F-9BAC-489A-83E6-1903A1551FFB}
		{DD426CCE-A3DA-4451-B8D0-0DAA26CB9BF3} = {33D37CCF-CA3C-42C4-9760-5B47DC307077}
		{A8D9A15C-5A9C-48BE-835A-12E7E80BF6A6} = {33D37CCF-CA3C-42C4-9760-5B47DC307077}
		{4D8C3598-AA91-40AC-B7E7-83B4FBBE1E96} = {33D37CCF-CA3C-42C4-9760-5B47DC307077}
		{A7BDABA9-56C8-4B83-A2C6-67E130216B4D} = {33D37CCF-CA3C-42C4-9760-5B47DC307077}
	EndGlobalSection
EndGlobal
